// !$*UTF8*$!
{
	archiveVersion = 1;
	classes = {
	};
	objectVersion = 46;
	objects = {

/* Begin PBXBuildFile section */
		667AF1091F8D4F2A00A3ECBA /* AccountViewController.swift in Sources */ = {isa = PBXBuildFile; fileRef = 667AF1081F8D4F2A00A3ECBA /* AccountViewController.swift */; };
		667AF10E1F8D516700A3ECBA /* Extensions.swift in Sources */ = {isa = PBXBuildFile; fileRef = 667AF10D1F8D516700A3ECBA /* Extensions.swift */; };
		66C61C741F8D099B0020F4E5 /* AppDelegate.swift in Sources */ = {isa = PBXBuildFile; fileRef = 66C61C731F8D099B0020F4E5 /* AppDelegate.swift */; };
		66C61C761F8D099B0020F4E5 /* LoginViewController.swift in Sources */ = {isa = PBXBuildFile; fileRef = 66C61C751F8D099B0020F4E5 /* LoginViewController.swift */; };
		66C61C791F8D099B0020F4E5 /* Main.storyboard in Resources */ = {isa = PBXBuildFile; fileRef = 66C61C771F8D099B0020F4E5 /* Main.storyboard */; };
		66C61C7B1F8D099B0020F4E5 /* Assets.xcassets in Resources */ = {isa = PBXBuildFile; fileRef = 66C61C7A1F8D099B0020F4E5 /* Assets.xcassets */; };
		66C61C7E1F8D099B0020F4E5 /* LaunchScreen.storyboard in Resources */ = {isa = PBXBuildFile; fileRef = 66C61C7C1F8D099B0020F4E5 /* LaunchScreen.storyboard */; };
		66C61C871F8D166C0020F4E5 /* RegisterViewController.swift in Sources */ = {isa = PBXBuildFile; fileRef = 66C61C861F8D166C0020F4E5 /* RegisterViewController.swift */; };
		66C61C891F8D169E0020F4E5 /* ChangePasswordViewController.swift in Sources */ = {isa = PBXBuildFile; fileRef = 66C61C881F8D169E0020F4E5 /* ChangePasswordViewController.swift */; };
		66D771B21FAF9E850089DF3B /* User.swift in Sources */ = {isa = PBXBuildFile; fileRef = 66D771B11FAF9E850089DF3B /* User.swift */; };
		BA3FCB9786B859AA12C484DC /* Pods_bezpieczenstwo_app.framework in Frameworks */ = {isa = PBXBuildFile; fileRef = 6BB823687FC01C606A69D2E6 /* Pods_bezpieczenstwo_app.framework */; };
/* End PBXBuildFile section */

/* Begin PBXFileReference section */
		667AF1081F8D4F2A00A3ECBA /* AccountViewController.swift */ = {isa = PBXFileReference; fileEncoding = 4; lastKnownFileType = sourcecode.swift; path = AccountViewController.swift; sourceTree = "<group>"; };
		667AF10D1F8D516700A3ECBA /* Extensions.swift */ = {isa = PBXFileReference; fileEncoding = 4; lastKnownFileType = sourcecode.swift; path = Extensions.swift; sourceTree = "<group>"; };
		66C61C701F8D099B0020F4E5 /* bezpieczenstwo-app.app */ = {isa = PBXFileReference; explicitFileType = wrapper.application; includeInIndex = 0; path = "bezpieczenstwo-app.app"; sourceTree = BUILT_PRODUCTS_DIR; };
		66C61C731F8D099B0020F4E5 /* AppDelegate.swift */ = {isa = PBXFileReference; lastKnownFileType = sourcecode.swift; path = AppDelegate.swift; sourceTree = "<group>"; };
		66C61C751F8D099B0020F4E5 /* LoginViewController.swift */ = {isa = PBXFileReference; lastKnownFileType = sourcecode.swift; path = LoginViewController.swift; sourceTree = "<group>"; };
		66C61C781F8D099B0020F4E5 /* Base */ = {isa = PBXFileReference; lastKnownFileType = file.storyboard; name = Base; path = Base.lproj/Main.storyboard; sourceTree = "<group>"; };
		66C61C7A1F8D099B0020F4E5 /* Assets.xcassets */ = {isa = PBXFileReference; lastKnownFileType = folder.assetcatalog; path = Assets.xcassets; sourceTree = "<group>"; };
		66C61C7D1F8D099B0020F4E5 /* Base */ = {isa = PBXFileReference; lastKnownFileType = file.storyboard; name = Base; path = Base.lproj/LaunchScreen.storyboard; sourceTree = "<group>"; };
		66C61C7F1F8D099B0020F4E5 /* Info.plist */ = {isa = PBXFileReference; lastKnownFileType = text.plist.xml; path = Info.plist; sourceTree = "<group>"; };
		66C61C861F8D166C0020F4E5 /* RegisterViewController.swift */ = {isa = PBXFileReference; fileEncoding = 4; lastKnownFileType = sourcecode.swift; path = RegisterViewController.swift; sourceTree = "<group>"; };
		66C61C881F8D169E0020F4E5 /* ChangePasswordViewController.swift */ = {isa = PBXFileReference; fileEncoding = 4; lastKnownFileType = sourcecode.swift; path = ChangePasswordViewController.swift; sourceTree = "<group>"; };
		66D771B11FAF9E850089DF3B /* User.swift */ = {isa = PBXFileReference; lastKnownFileType = sourcecode.swift; path = User.swift; sourceTree = "<group>"; };
		6BB823687FC01C606A69D2E6 /* Pods_bezpieczenstwo_app.framework */ = {isa = PBXFileReference; explicitFileType = wrapper.framework; includeInIndex = 0; path = Pods_bezpieczenstwo_app.framework; sourceTree = BUILT_PRODUCTS_DIR; };
		C004724429251BF4124ECD9B /* Pods-bezpieczenstwo-app.debug.xcconfig */ = {isa = PBXFileReference; includeInIndex = 1; lastKnownFileType = text.xcconfig; name = "Pods-bezpieczenstwo-app.debug.xcconfig"; path = "Pods/Target Support Files/Pods-bezpieczenstwo-app/Pods-bezpieczenstwo-app.debug.xcconfig"; sourceTree = "<group>"; };
		DCCDADB0146ACCF1534D9779 /* Pods-bezpieczenstwo-app.release.xcconfig */ = {isa = PBXFileReference; includeInIndex = 1; lastKnownFileType = text.xcconfig; name = "Pods-bezpieczenstwo-app.release.xcconfig"; path = "Pods/Target Support Files/Pods-bezpieczenstwo-app/Pods-bezpieczenstwo-app.release.xcconfig"; sourceTree = "<group>"; };
/* End PBXFileReference section */

/* Begin PBXFrameworksBuildPhase section */
		66C61C6D1F8D099B0020F4E5 /* Frameworks */ = {
			isa = PBXFrameworksBuildPhase;
			buildActionMask = 2147483647;
			files = (
				BA3FCB9786B859AA12C484DC /* Pods_bezpieczenstwo_app.framework in Frameworks */,
			);
			runOnlyForDeploymentPostprocessing = 0;
		};
/* End PBXFrameworksBuildPhase section */

/* Begin PBXGroup section */
		667AF10A1F8D506000A3ECBA /* Core */ = {
			isa = PBXGroup;
			children = (
				667AF10D1F8D516700A3ECBA /* Extensions.swift */,
				66D771B11FAF9E850089DF3B /* User.swift */,
			);
			name = Core;
			sourceTree = "<group>";
		};
		66C61C671F8D099B0020F4E5 = {
			isa = PBXGroup;
			children = (
				66C61C721F8D099B0020F4E5 /* bezpieczenstwo-app */,
				66C61C711F8D099B0020F4E5 /* Products */,
				B90D4545AC4189D80125E50F /* Pods */,
				A21D61C4C6A92915BF916E58 /* Frameworks */,
			);
			sourceTree = "<group>";
		};
		66C61C711F8D099B0020F4E5 /* Products */ = {
			isa = PBXGroup;
			children = (
				66C61C701F8D099B0020F4E5 /* bezpieczenstwo-app.app */,
			);
			name = Products;
			sourceTree = "<group>";
		};
		66C61C721F8D099B0020F4E5 /* bezpieczenstwo-app */ = {
			isa = PBXGroup;
			children = (
				667AF10A1F8D506000A3ECBA /* Core */,
				66C61C851F8D15310020F4E5 /* Controllers */,
				66C61C731F8D099B0020F4E5 /* AppDelegate.swift */,
				66C61C771F8D099B0020F4E5 /* Main.storyboard */,
				66C61C7A1F8D099B0020F4E5 /* Assets.xcassets */,
				66C61C7C1F8D099B0020F4E5 /* LaunchScreen.storyboard */,
				66C61C7F1F8D099B0020F4E5 /* Info.plist */,
			);
			path = "bezpieczenstwo-app";
			sourceTree = "<group>";
		};
		66C61C851F8D15310020F4E5 /* Controllers */ = {
			isa = PBXGroup;
			children = (
				66C61C751F8D099B0020F4E5 /* LoginViewController.swift */,
				66C61C861F8D166C0020F4E5 /* RegisterViewController.swift */,
				66C61C881F8D169E0020F4E5 /* ChangePasswordViewController.swift */,
				667AF1081F8D4F2A00A3ECBA /* AccountViewController.swift */,
			);
			name = Controllers;
			sourceTree = "<group>";
		};
		A21D61C4C6A92915BF916E58 /* Frameworks */ = {
			isa = PBXGroup;
			children = (
				6BB823687FC01C606A69D2E6 /* Pods_bezpieczenstwo_app.framework */,
			);
			name = Frameworks;
			sourceTree = "<group>";
		};
		B90D4545AC4189D80125E50F /* Pods */ = {
			isa = PBXGroup;
			children = (
				C004724429251BF4124ECD9B /* Pods-bezpieczenstwo-app.debug.xcconfig */,
				DCCDADB0146ACCF1534D9779 /* Pods-bezpieczenstwo-app.release.xcconfig */,
			);
			name = Pods;
			sourceTree = "<group>";
		};
/* End PBXGroup section */

/* Begin PBXNativeTarget section */
		66C61C6F1F8D099B0020F4E5 /* bezpieczenstwo-app */ = {
			isa = PBXNativeTarget;
			buildConfigurationList = 66C61C821F8D099B0020F4E5 /* Build configuration list for PBXNativeTarget "bezpieczenstwo-app" */;
			buildPhases = (
				734B8706E9E12B3D8E74FA43 /* [CP] Check Pods Manifest.lock */,
				66C61C6C1F8D099B0020F4E5 /* Sources */,
				66C61C6D1F8D099B0020F4E5 /* Frameworks */,
				66C61C6E1F8D099B0020F4E5 /* Resources */,
				864DC4537D704FB6E0CAD64A /* [CP] Embed Pods Frameworks */,
				171F5021BBCE56FE9725661B /* [CP] Copy Pods Resources */,
			);
			buildRules = (
			);
			dependencies = (
			);
			name = "bezpieczenstwo-app";
			productName = "bezpieczenstwo-app";
			productReference = 66C61C701F8D099B0020F4E5 /* bezpieczenstwo-app.app */;
			productType = "com.apple.product-type.application";
		};
/* End PBXNativeTarget section */

/* Begin PBXProject section */
		66C61C681F8D099B0020F4E5 /* Project object */ = {
			isa = PBXProject;
			attributes = {
				LastSwiftUpdateCheck = 0830;
				LastUpgradeCheck = 0830;
				ORGANIZATIONNAME = "Denis Olek";
				TargetAttributes = {
					66C61C6F1F8D099B0020F4E5 = {
						CreatedOnToolsVersion = 8.3.3;
						ProvisioningStyle = Automatic;
					};
				};
			};
			buildConfigurationList = 66C61C6B1F8D099B0020F4E5 /* Build configuration list for PBXProject "bezpieczenstwo-app" */;
			compatibilityVersion = "Xcode 3.2";
			developmentRegion = English;
			hasScannedForEncodings = 0;
			knownRegions = (
				en,
				Base,
			);
			mainGroup = 66C61C671F8D099B0020F4E5;
			productRefGroup = 66C61C711F8D099B0020F4E5 /* Products */;
			projectDirPath = "";
			projectRoot = "";
			targets = (
				66C61C6F1F8D099B0020F4E5 /* bezpieczenstwo-app */,
			);
		};
/* End PBXProject section */

/* Begin PBXResourcesBuildPhase section */
		66C61C6E1F8D099B0020F4E5 /* Resources */ = {
			isa = PBXResourcesBuildPhase;
			buildActionMask = 2147483647;
			files = (
				66C61C7E1F8D099B0020F4E5 /* LaunchScreen.storyboard in Resources */,
				66C61C7B1F8D099B0020F4E5 /* Assets.xcassets in Resources */,
				66C61C791F8D099B0020F4E5 /* Main.storyboard in Resources */,
			);
			runOnlyForDeploymentPostprocessing = 0;
		};
/* End PBXResourcesBuildPhase section */

/* Begin PBXShellScriptBuildPhase section */
		171F5021BBCE56FE9725661B /* [CP] Copy Pods Resources */ = {
			isa = PBXShellScriptBuildPhase;
			buildActionMask = 2147483647;
			files = (
			);
			inputPaths = (
			);
			name = "[CP] Copy Pods Resources";
			outputPaths = (
			);
			runOnlyForDeploymentPostprocessing = 0;
			shellPath = /bin/sh;
			shellScript = "\"${SRCROOT}/Pods/Target Support Files/Pods-bezpieczenstwo-app/Pods-bezpieczenstwo-app-resources.sh\"\n";
			showEnvVarsInLog = 0;
		};
		734B8706E9E12B3D8E74FA43 /* [CP] Check Pods Manifest.lock */ = {
			isa = PBXShellScriptBuildPhase;
			buildActionMask = 2147483647;
			files = (
			);
			inputPaths = (
				"${PODS_PODFILE_DIR_PATH}/Podfile.lock",
				"${PODS_ROOT}/Manifest.lock",
			);
			name = "[CP] Check Pods Manifest.lock";
			outputPaths = (
				"$(DERIVED_FILE_DIR)/Pods-bezpieczenstwo-app-checkManifestLockResult.txt",
			);
			runOnlyForDeploymentPostprocessing = 0;
			shellPath = /bin/sh;
			shellScript = "diff \"${PODS_PODFILE_DIR_PATH}/Podfile.lock\" \"${PODS_ROOT}/Manifest.lock\" > /dev/null\nif [ $? != 0 ] ; then\n    # print error to STDERR\n    echo \"error: The sandbox is not in sync with the Podfile.lock. Run 'pod install' or update your CocoaPods installation.\" >&2\n    exit 1\nfi\n# This output is used by Xcode 'outputs' to avoid re-running this script phase.\necho \"SUCCESS\" > \"${SCRIPT_OUTPUT_FILE_0}\"\n";
			showEnvVarsInLog = 0;
		};
		864DC4537D704FB6E0CAD64A /* [CP] Embed Pods Frameworks */ = {
			isa = PBXShellScriptBuildPhase;
			buildActionMask = 2147483647;
			files = (
			);
			inputPaths = (
				"${SRCROOT}/Pods/Target Support Files/Pods-bezpieczenstwo-app/Pods-bezpieczenstwo-app-frameworks.sh",
				"${BUILT_PRODUCTS_DIR}/Alamofire/Alamofire.framework",
				"${BUILT_PRODUCTS_DIR}/FontAwesome.swift/FontAwesome_swift.framework",
				"${BUILT_PRODUCTS_DIR}/SwiftyJSON/SwiftyJSON.framework",
				"${BUILT_PRODUCTS_DIR}/Toast-Swift/Toast_Swift.framework",
			);
			name = "[CP] Embed Pods Frameworks";
			outputPaths = (
				"${TARGET_BUILD_DIR}/${FRAMEWORKS_FOLDER_PATH}/Alamofire.framework",
				"${TARGET_BUILD_DIR}/${FRAMEWORKS_FOLDER_PATH}/FontAwesome_swift.framework",
				"${TARGET_BUILD_DIR}/${FRAMEWORKS_FOLDER_PATH}/SwiftyJSON.framework",
				"${TARGET_BUILD_DIR}/${FRAMEWORKS_FOLDER_PATH}/Toast_Swift.framework",
			);
			runOnlyForDeploymentPostprocessing = 0;
			shellPath = /bin/sh;
			shellScript = "\"${SRCROOT}/Pods/Target Support Files/Pods-bezpieczenstwo-app/Pods-bezpieczenstwo-app-frameworks.sh\"\n";
			showEnvVarsInLog = 0;
		};
/* End PBXShellScriptBuildPhase section */

/* Begin PBXSourcesBuildPhase section */
		66C61C6C1F8D099B0020F4E5 /* Sources */ = {
			isa = PBXSourcesBuildPhase;
			buildActionMask = 2147483647;
			files = (
				66C61C871F8D166C0020F4E5 /* RegisterViewController.swift in Sources */,
				667AF10E1F8D516700A3ECBA /* Extensions.swift in Sources */,
				667AF1091F8D4F2A00A3ECBA /* AccountViewController.swift in Sources */,
				66C61C891F8D169E0020F4E5 /* ChangePasswordViewController.swift in Sources */,
				66D771B21FAF9E850089DF3B /* User.swift in Sources */,
				66C61C761F8D099B0020F4E5 /* LoginViewController.swift in Sources */,
				66C61C741F8D099B0020F4E5 /* AppDelegate.swift in Sources */,
			);
			runOnlyForDeploymentPostprocessing = 0;
		};
/* End PBXSourcesBuildPhase section */

/* Begin PBXVariantGroup section */
		66C61C771F8D099B0020F4E5 /* Main.storyboard */ = {
			isa = PBXVariantGroup;
			children = (
				66C61C781F8D099B0020F4E5 /* Base */,
			);
			name = Main.storyboard;
			sourceTree = "<group>";
		};
		66C61C7C1F8D099B0020F4E5 /* LaunchScreen.storyboard */ = {
			isa = PBXVariantGroup;
			children = (
				66C61C7D1F8D099B0020F4E5 /* Base */,
			);
			name = LaunchScreen.storyboard;
			sourceTree = "<group>";
		};
/* End PBXVariantGroup section */

/* Begin XCBuildConfiguration section */
		66C61C801F8D099B0020F4E5 /* Debug */ = {
			isa = XCBuildConfiguration;
			buildSettings = {
				ALWAYS_SEARCH_USER_PATHS = NO;
				CLANG_ANALYZER_NONNULL = YES;
				CLANG_ANALYZER_NUMBER_OBJECT_CONVERSION = YES_AGGRESSIVE;
				CLANG_CXX_LANGUAGE_STANDARD = "gnu++0x";
				CLANG_CXX_LIBRARY = "libc++";
				CLANG_ENABLE_MODULES = YES;
				CLANG_ENABLE_OBJC_ARC = YES;
				CLANG_WARN_BOOL_CONVERSION = YES;
				CLANG_WARN_CONSTANT_CONVERSION = YES;
				CLANG_WARN_DIRECT_OBJC_ISA_USAGE = YES_ERROR;
				CLANG_WARN_DOCUMENTATION_COMMENTS = YES;
				CLANG_WARN_EMPTY_BODY = YES;
				CLANG_WARN_ENUM_CONVERSION = YES;
				CLANG_WARN_INFINITE_RECURSION = YES;
				CLANG_WARN_INT_CONVERSION = YES;
				CLANG_WARN_OBJC_ROOT_CLASS = YES_ERROR;
				CLANG_WARN_SUSPICIOUS_MOVE = YES;
				CLANG_WARN_UNREACHABLE_CODE = YES;
				CLANG_WARN__DUPLICATE_METHOD_MATCH = YES;
				"CODE_SIGN_IDENTITY[sdk=iphoneos*]" = "iPhone Developer";
				COPY_PHASE_STRIP = NO;
				DEBUG_INFORMATION_FORMAT = dwarf;
				ENABLE_STRICT_OBJC_MSGSEND = YES;
				ENABLE_TESTABILITY = YES;
				GCC_C_LANGUAGE_STANDARD = gnu99;
				GCC_DYNAMIC_NO_PIC = NO;
				GCC_NO_COMMON_BLOCKS = YES;
				GCC_OPTIMIZATION_LEVEL = 0;
				GCC_PREPROCESSOR_DEFINITIONS = (
					"DEBUG=1",
					"$(inherited)",
				);
				GCC_WARN_64_TO_32_BIT_CONVERSION = YES;
				GCC_WARN_ABOUT_RETURN_TYPE = YES_ERROR;
				GCC_WARN_UNDECLARED_SELECTOR = YES;
				GCC_WARN_UNINITIALIZED_AUTOS = YES_AGGRESSIVE;
				GCC_WARN_UNUSED_FUNCTION = YES;
				GCC_WARN_UNUSED_VARIABLE = YES;
				IPHONEOS_DEPLOYMENT_TARGET = 10.3;
				MTL_ENABLE_DEBUG_INFO = YES;
				ONLY_ACTIVE_ARCH = YES;
				SDKROOT = iphoneos;
				SWIFT_ACTIVE_COMPILATION_CONDITIONS = DEBUG;
				SWIFT_OPTIMIZATION_LEVEL = "-Onone";
				TARGETED_DEVICE_FAMILY = "1,2";
			};
			name = Debug;
		};
		66C61C811F8D099B0020F4E5 /* Release */ = {
			isa = XCBuildConfiguration;
			buildSettings = {
				ALWAYS_SEARCH_USER_PATHS = NO;
				CLANG_ANALYZER_NONNULL = YES;
				CLANG_ANALYZER_NUMBER_OBJECT_CONVERSION = YES_AGGRESSIVE;
				CLANG_CXX_LANGUAGE_STANDARD = "gnu++0x";
				CLANG_CXX_LIBRARY = "libc++";
				CLANG_ENABLE_MODULES = YES;
				CLANG_ENABLE_OBJC_ARC = YES;
				CLANG_WARN_BOOL_CONVERSION = YES;
				CLANG_WARN_CONSTANT_CONVERSION = YES;
				CLANG_WARN_DIRECT_OBJC_ISA_USAGE = YES_ERROR;
				CLANG_WARN_DOCUMENTATION_COMMENTS = YES;
				CLANG_WARN_EMPTY_BODY = YES;
				CLANG_WARN_ENUM_CONVERSION = YES;
				CLANG_WARN_INFINITE_RECURSION = YES;
				CLANG_WARN_INT_CONVERSION = YES;
				CLANG_WARN_OBJC_ROOT_CLASS = YES_ERROR;
				CLANG_WARN_SUSPICIOUS_MOVE = YES;
				CLANG_WARN_UNREACHABLE_CODE = YES;
				CLANG_WARN__DUPLICATE_METHOD_MATCH = YES;
				"CODE_SIGN_IDENTITY[sdk=iphoneos*]" = "iPhone Developer";
				COPY_PHASE_STRIP = NO;
				DEBUG_INFORMATION_FORMAT = "dwarf-with-dsym";
				ENABLE_NS_ASSERTIONS = NO;
				ENABLE_STRICT_OBJC_MSGSEND = YES;
				GCC_C_LANGUAGE_STANDARD = gnu99;
				GCC_NO_COMMON_BLOCKS = YES;
				GCC_WARN_64_TO_32_BIT_CONVERSION = YES;
				GCC_WARN_ABOUT_RETURN_TYPE = YES_ERROR;
				GCC_WARN_UNDECLARED_SELECTOR = YES;
				GCC_WARN_UNINITIALIZED_AUTOS = YES_AGGRESSIVE;
				GCC_WARN_UNUSED_FUNCTION = YES;
				GCC_WARN_UNUSED_VARIABLE = YES;
				IPHONEOS_DEPLOYMENT_TARGET = 10.3;
				MTL_ENABLE_DEBUG_INFO = NO;
				SDKROOT = iphoneos;
				SWIFT_OPTIMIZATION_LEVEL = "-Owholemodule";
				TARGETED_DEVICE_FAMILY = "1,2";
				VALIDATE_PRODUCT = YES;
			};
			name = Release;
		};
		66C61C831F8D099B0020F4E5 /* Debug */ = {
			isa = XCBuildConfiguration;
			baseConfigurationReference = C004724429251BF4124ECD9B /* Pods-bezpieczenstwo-app.debug.xcconfig */;
			buildSettings = {
				ASSETCATALOG_COMPILER_APPICON_NAME = AppIcon;
				INFOPLIST_FILE = "bezpieczenstwo-app/Info.plist";
				LD_RUNPATH_SEARCH_PATHS = "$(inherited) @executable_path/Frameworks";
				PRODUCT_BUNDLE_IDENTIFIER = "DO.bezpieczenstwo-app";
				PRODUCT_NAME = "$(TARGET_NAME)";
				SWIFT_VERSION = 3.0;
			};
			name = Debug;
		};
		66C61C841F8D099B0020F4E5 /* Release */ = {
			isa = XCBuildConfiguration;
			baseConfigurationReference = DCCDADB0146ACCF1534D9779 /* Pods-bezpieczenstwo-app.release.xcconfig */;
			buildSettings = {
				ASSETCATALOG_COMPILER_APPICON_NAME = AppIcon;
				INFOPLIST_FILE = "bezpieczenstwo-app/Info.plist";
				LD_RUNPATH_SEARCH_PATHS = "$(inherited) @executable_path/Frameworks";
				PRODUCT_BUNDLE_IDENTIFIER = "DO.bezpieczenstwo-app";
				PRODUCT_NAME = "$(TARGET_NAME)";
				SWIFT_VERSION = 3.0;
			};
			name = Release;
		};
/* End XCBuildConfiguration section */

/* Begin XCConfigurationList section */
		66C61C6B1F8D099B0020F4E5 /* Build configuration list for PBXProject "bezpieczenstwo-app" */ = {
			isa = XCConfigurationList;
			buildConfigurations = (
				66C61C801F8D099B0020F4E5 /* Debug */,
				66C61C811F8D099B0020F4E5 /* Release */,
			);
			defaultConfigurationIsVisible = 0;
			defaultConfigurationName = Release;
		};
		66C61C821F8D099B0020F4E5 /* Build configuration list for PBXNativeTarget "bezpieczenstwo-app" */ = {
			isa = XCConfigurationList;
			buildConfigurations = (
				66C61C831F8D099B0020F4E5 /* Debug */,
				66C61C841F8D099B0020F4E5 /* Release */,
			);
			defaultConfigurationIsVisible = 0;
			defaultConfigurationName = Release;
		};
/* End XCConfigurationList section */
	};
	rootObject = 66C61C681F8D099B0020F4E5 /* Project object */;
}
